PODS:
  - google-cast-sdk (4.3.3):
    - google-cast-sdk/Core (= 4.3.3)
    - Protobuf (~> 3.0)
  - google-cast-sdk/Core (4.3.3):
    - Protobuf (~> 3.0)
  - Protobuf (3.6.1)

DEPENDENCIES:
  - google-cast-sdk (< 5.0, >= 4.3.3)

SPEC REPOS:
  https://github.com/cocoapods/specs.git:
    - google-cast-sdk
    - Protobuf

SPEC CHECKSUMS:
  google-cast-sdk: 792980f4fa5afd4f9b91f41d582cc75251648f3a
  Protobuf: 1eb9700044745f00181c136ef21b8ff3ad5a0fd5

PODFILE CHECKSUM: 67a9ce9b9b7541b3c5053a14d55db43f6eb2676a

COCOAPODS: 1.5.3
