// !$*UTF8*$!
{
	archiveVersion = 1;
	classes = {
	};
	objectVersion = 46;
	objects = {

/* Begin PBXBuildFile section */
		6F1300891CB427810015E8D4 /* RootContainerViewController.m in Sources */ = {isa = PBXBuildFile; fileRef = 6F1300881CB427810015E8D4 /* RootContainerViewController.m */; };
		6F13008E1CB478C40015E8D4 /* MediaItem.m in Sources */ = {isa = PBXBuildFile; fileRef = 6F13008B1CB478C40015E8D4 /* MediaItem.m */; };
		6F13008F1CB478C40015E8D4 /* MediaListModel.m in Sources */ = {isa = PBXBuildFile; fileRef = 6F13008D1CB478C40015E8D4 /* MediaListModel.m */; };
		6F1300911CB47B7A0015E8D4 /* Default-568h@2x.png in Resources */ = {isa = PBXBuildFile; fileRef = 6F1300901CB47B7A0015E8D4 /* Default-568h@2x.png */; };
		6F233EF31CA4610200E484F1 /* Images.xcassets in Resources */ = {isa = PBXBuildFile; fileRef = 6F233EBA1CA4610200E484F1 /* Images.xcassets */; };
		6F233F261CA4610200E484F1 /* Settings.bundle in Resources */ = {isa = PBXBuildFile; fileRef = 6F233EED1CA4610200E484F1 /* Settings.bundle */; };
		6F233F491CA4612C00E484F1 /* ActionSheet.m in Sources */ = {isa = PBXBuildFile; fileRef = 6F233F2F1CA4612C00E484F1 /* ActionSheet.m */; };
		6F233F4A1CA4612C00E484F1 /* AppDelegate.m in Sources */ = {isa = PBXBuildFile; fileRef = 6F233F311CA4612C00E484F1 /* AppDelegate.m */; };
		6F233F4E1CA4612C00E484F1 /* LocalPlayerView.m in Sources */ = {isa = PBXBuildFile; fileRef = 6F233F371CA4612C00E484F1 /* LocalPlayerView.m */; };
		6F233F501CA4612C00E484F1 /* MediaQueueViewController.m in Sources */ = {isa = PBXBuildFile; fileRef = 6F233F3A1CA4612C00E484F1 /* MediaQueueViewController.m */; };
		6F233F511CA4612C00E484F1 /* MediaTableViewController.m in Sources */ = {isa = PBXBuildFile; fileRef = 6F233F3C1CA4612C00E484F1 /* MediaTableViewController.m */; };
		6F233F521CA4612C00E484F1 /* MediaViewController.m in Sources */ = {isa = PBXBuildFile; fileRef = 6F233F3E1CA4612C00E484F1 /* MediaViewController.m */; };
		6F233F561CA4612C00E484F1 /* Toast.m in Sources */ = {isa = PBXBuildFile; fileRef = 6F233F461CA4612C00E484F1 /* Toast.m */; };
		6F233F591CA4697D00E484F1 /* InfoPlist.strings in Resources */ = {isa = PBXBuildFile; fileRef = 6F233F581CA4697D00E484F1 /* InfoPlist.strings */; };
		6F233F5B1CA46A0A00E484F1 /* Main.storyboard in Resources */ = {isa = PBXBuildFile; fileRef = 6F233F5A1CA46A0A00E484F1 /* Main.storyboard */; };
		6F233F5E1CA4776100E484F1 /* Accelerate.framework in Frameworks */ = {isa = PBXBuildFile; fileRef = 6F233F5D1CA4776100E484F1 /* Accelerate.framework */; };
		6F233F601CA4776600E484F1 /* AudioToolbox.framework in Frameworks */ = {isa = PBXBuildFile; fileRef = 6F233F5F1CA4776600E484F1 /* AudioToolbox.framework */; };
		6F233F621CA4776B00E484F1 /* AVFoundation.framework in Frameworks */ = {isa = PBXBuildFile; fileRef = 6F233F611CA4776B00E484F1 /* AVFoundation.framework */; };
		6F233F641CA4777300E484F1 /* CoreBluetooth.framework in Frameworks */ = {isa = PBXBuildFile; fileRef = 6F233F631CA4777300E484F1 /* CoreBluetooth.framework */; };
		6F233F661CA4777B00E484F1 /* CoreText.framework in Frameworks */ = {isa = PBXBuildFile; fileRef = 6F233F651CA4777B00E484F1 /* CoreText.framework */; };
		6F233F6C1CA477BB00E484F1 /* MediaAccessibility.framework in Frameworks */ = {isa = PBXBuildFile; fileRef = 6F233F691CA477BB00E484F1 /* MediaAccessibility.framework */; };
		6F233F6D1CA477BB00E484F1 /* MediaPlayer.framework in Frameworks */ = {isa = PBXBuildFile; fileRef = 6F233F6A1CA477BB00E484F1 /* MediaPlayer.framework */; };
		6F233F6E1CA477BB00E484F1 /* MediaToolbox.framework in Frameworks */ = {isa = PBXBuildFile; fileRef = 6F233F6B1CA477BB00E484F1 /* MediaToolbox.framework */; };
		6F233F701CA477C500E484F1 /* SystemConfiguration.framework in Frameworks */ = {isa = PBXBuildFile; fileRef = 6F233F6F1CA477C500E484F1 /* SystemConfiguration.framework */; };
		6F233F741CA478FB00E484F1 /* CoreGraphics.framework in Frameworks */ = {isa = PBXBuildFile; fileRef = 6F233F731CA478FB00E484F1 /* CoreGraphics.framework */; };
		6F233F761CA4790200E484F1 /* UIKit.framework in Frameworks */ = {isa = PBXBuildFile; fileRef = 6F233F751CA4790200E484F1 /* UIKit.framework */; };
		6F233F781CA4791000E484F1 /* Foundation.framework in Frameworks */ = {isa = PBXBuildFile; fileRef = 6F233F771CA4791000E484F1 /* Foundation.framework */; };
		6F3F70BD1CB5CFAE006AF097 /* logo_castvideos.png in Resources */ = {isa = PBXBuildFile; fileRef = 6F3F70BB1CB5CFAE006AF097 /* logo_castvideos.png */; };
		6F3F70BE1CB5CFAE006AF097 /* logo_castvideos@2x.png in Resources */ = {isa = PBXBuildFile; fileRef = 6F3F70BC1CB5CFAE006AF097 /* logo_castvideos@2x.png */; };
		6F4480D21CC950BF0029F0F0 /* GoogleCastResources.bundle in Resources */ = {isa = PBXBuildFile; fileRef = 6F4480D11CC950BF0029F0F0 /* GoogleCastResources.bundle */; };
		6F510A951CD7F955006CDC2B /* GoogleCast.framework in Frameworks */ = {isa = PBXBuildFile; fileRef = 6F510A911CD7F937006CDC2B /* GoogleCast.framework */; };
		6F510AC61CD93C7A006CDC2B /* ExpandedViewController.m in Sources */ = {isa = PBXBuildFile; fileRef = 6F510AC41CD93C7A006CDC2B /* ExpandedViewController.m */; };
		6FAEDDF61CF77F8100E1691F /* libc++.tbd in Frameworks */ = {isa = PBXBuildFile; fileRef = 6FAEDDF51CF77F8000E1691F /* libc++.tbd */; };
		6FBC43E41CA3138500AAB267 /* main.m in Sources */ = {isa = PBXBuildFile; fileRef = 6FBC43E31CA3138500AAB267 /* main.m */; };
		6FCE60AA1CC57BFF000129A3 /* QuartzCore.framework in Frameworks */ = {isa = PBXBuildFile; fileRef = 6FCE60A91CC57BFF000129A3 /* QuartzCore.framework */; };
		6FCE60B41CC6AA85000129A3 /* play_circle.png in Resources */ = {isa = PBXBuildFile; fileRef = 6FCE60B31CC6AA85000129A3 /* play_circle.png */; };
		6FCE60B81CC6C388000129A3 /* pause_circle@3x.png in Resources */ = {isa = PBXBuildFile; fileRef = 6FCE60B51CC6C388000129A3 /* pause_circle@3x.png */; };
		6FCE60B91CC6C388000129A3 /* pause_circle@2x.png in Resources */ = {isa = PBXBuildFile; fileRef = 6FCE60B61CC6C388000129A3 /* pause_circle@2x.png */; };
		6FCE60BA1CC6C388000129A3 /* pause_circle.png in Resources */ = {isa = PBXBuildFile; fileRef = 6FCE60B71CC6C388000129A3 /* pause_circle.png */; };
		6FCE60C11CC6CB24000129A3 /* play@3.png in Resources */ = {isa = PBXBuildFile; fileRef = 6FCE60BB1CC6CB24000129A3 /* play@3.png */; };
		6FCE60C21CC6CB24000129A3 /* play@2.png in Resources */ = {isa = PBXBuildFile; fileRef = 6FCE60BC1CC6CB24000129A3 /* play@2.png */; };
		6FCE60C31CC6CB24000129A3 /* play.png in Resources */ = {isa = PBXBuildFile; fileRef = 6FCE60BD1CC6CB24000129A3 /* play.png */; };
		6FCE60C41CC6CB24000129A3 /* pause@3.png in Resources */ = {isa = PBXBuildFile; fileRef = 6FCE60BE1CC6CB24000129A3 /* pause@3.png */; };
		6FCE60C51CC6CB24000129A3 /* pause@2.png in Resources */ = {isa = PBXBuildFile; fileRef = 6FCE60BF1CC6CB24000129A3 /* pause@2.png */; };
		6FCE60C61CC6CB24000129A3 /* pause.png in Resources */ = {isa = PBXBuildFile; fileRef = 6FCE60C01CC6CB24000129A3 /* pause.png */; };
		6FE3DCE31CBF39E20064C1E9 /* overflow_2x.png in Resources */ = {isa = PBXBuildFile; fileRef = 6FE3DCE11CBF39E20064C1E9 /* overflow_2x.png */; };
		6FE3DCE41CBF39E20064C1E9 /* overflow.png in Resources */ = {isa = PBXBuildFile; fileRef = 6FE3DCE21CBF39E20064C1E9 /* overflow.png */; };
		6FE3DCE81CC052EB0064C1E9 /* thumb.png in Resources */ = {isa = PBXBuildFile; fileRef = 6FE3DCE51CC052EB0064C1E9 /* thumb.png */; };
		6FE3DCE91CC052EB0064C1E9 /* thumb@2x.png in Resources */ = {isa = PBXBuildFile; fileRef = 6FE3DCE61CC052EB0064C1E9 /* thumb@2x.png */; };
		6FE3DCEA1CC052EB0064C1E9 /* thumb@3x.png in Resources */ = {isa = PBXBuildFile; fileRef = 6FE3DCE71CC052EB0064C1E9 /* thumb@3x.png */; };
		6FE3DCEE1CC0557C0064C1E9 /* media_previous@3x.png in Resources */ = {isa = PBXBuildFile; fileRef = 6FE3DCEB1CC0557C0064C1E9 /* media_previous@3x.png */; };
		6FE3DCEF1CC0557C0064C1E9 /* media_previous@2x.png in Resources */ = {isa = PBXBuildFile; fileRef = 6FE3DCEC1CC0557C0064C1E9 /* media_previous@2x.png */; };
		6FE3DCF01CC0557C0064C1E9 /* media_previous.png in Resources */ = {isa = PBXBuildFile; fileRef = 6FE3DCED1CC0557C0064C1E9 /* media_previous.png */; };
		6FE3DCFA1CC056690064C1E9 /* volume3@3x.png in Resources */ = {isa = PBXBuildFile; fileRef = 6FE3DCF11CC056690064C1E9 /* volume3@3x.png */; };
		6FE3DCFB1CC056690064C1E9 /* volume3@2x.png in Resources */ = {isa = PBXBuildFile; fileRef = 6FE3DCF21CC056690064C1E9 /* volume3@2x.png */; };
		6FE3DCFC1CC056690064C1E9 /* volume3.png in Resources */ = {isa = PBXBuildFile; fileRef = 6FE3DCF31CC056690064C1E9 /* volume3.png */; };
		6FE3DCFD1CC056690064C1E9 /* closed_captions@3x.png in Resources */ = {isa = PBXBuildFile; fileRef = 6FE3DCF41CC056690064C1E9 /* closed_captions@3x.png */; };
		6FE3DCFE1CC056690064C1E9 /* closed_captions@2x.png in Resources */ = {isa = PBXBuildFile; fileRef = 6FE3DCF51CC056690064C1E9 /* closed_captions@2x.png */; };
		6FE3DCFF1CC056690064C1E9 /* closed_captions.png in Resources */ = {isa = PBXBuildFile; fileRef = 6FE3DCF61CC056690064C1E9 /* closed_captions.png */; };
		6FE3DD001CC056690064C1E9 /* media_next@2x.png in Resources */ = {isa = PBXBuildFile; fileRef = 6FE3DCF71CC056690064C1E9 /* media_next@2x.png */; };
		6FE3DD011CC056690064C1E9 /* media_next@3x.png in Resources */ = {isa = PBXBuildFile; fileRef = 6FE3DCF81CC056690064C1E9 /* media_next@3x.png */; };
		6FE3DD021CC056690064C1E9 /* media_next.png in Resources */ = {isa = PBXBuildFile; fileRef = 6FE3DCF91CC056690064C1E9 /* media_next.png */; };
		6FE3DD061CC150890064C1E9 /* volume0@3x.png in Resources */ = {isa = PBXBuildFile; fileRef = 6FE3DD031CC150890064C1E9 /* volume0@3x.png */; };
		6FE3DD071CC150890064C1E9 /* volume0@2x.png in Resources */ = {isa = PBXBuildFile; fileRef = 6FE3DD041CC150890064C1E9 /* volume0@2x.png */; };
		6FE3DD081CC150890064C1E9 /* volume0.png in Resources */ = {isa = PBXBuildFile; fileRef = 6FE3DD051CC150890064C1E9 /* volume0.png */; };
		6FEF798B1CB8222E001211D3 /* playlist_white@2x.png in Resources */ = {isa = PBXBuildFile; fileRef = 6FEF79871CB8222E001211D3 /* playlist_white@2x.png */; };
		6FEF798C1CB8222E001211D3 /* playlist_white@3x.png in Resources */ = {isa = PBXBuildFile; fileRef = 6FEF79881CB8222E001211D3 /* playlist_white@3x.png */; };
		6FEF798D1CB8222E001211D3 /* playlist@2x.png in Resources */ = {isa = PBXBuildFile; fileRef = 6FEF79891CB8222E001211D3 /* playlist@2x.png */; };
		6FEF798E1CB8222E001211D3 /* playlist@3x.png in Resources */ = {isa = PBXBuildFile; fileRef = 6FEF798A1CB8222E001211D3 /* playlist@3x.png */; };
		6FEF79B41CBC340B001211D3 /* play_circle@2x.png in Resources */ = {isa = PBXBuildFile; fileRef = 6FEF79B21CBC340B001211D3 /* play_circle@2x.png */; };
		6FEF79B51CBC340B001211D3 /* play_circle@3x.png in Resources */ = {isa = PBXBuildFile; fileRef = 6FEF79B31CBC340B001211D3 /* play_circle@3x.png */; };
/* End PBXBuildFile section */

/* Begin PBXFileReference section */
		6F1300871CB427810015E8D4 /* RootContainerViewController.h */ = {isa = PBXFileReference; fileEncoding = 4; lastKnownFileType = sourcecode.c.h; name = RootContainerViewController.h; path = Classes/RootContainerViewController.h; sourceTree = "<group>"; };
		6F1300881CB427810015E8D4 /* RootContainerViewController.m */ = {isa = PBXFileReference; fileEncoding = 4; lastKnownFileType = sourcecode.c.objc; name = RootContainerViewController.m; path = Classes/RootContainerViewController.m; sourceTree = "<group>"; };
		6F13008A1CB478C40015E8D4 /* MediaItem.h */ = {isa = PBXFileReference; fileEncoding = 4; lastKnownFileType = sourcecode.c.h; name = MediaItem.h; path = Classes/MediaItem.h; sourceTree = "<group>"; };
		6F13008B1CB478C40015E8D4 /* MediaItem.m */ = {isa = PBXFileReference; fileEncoding = 4; lastKnownFileType = sourcecode.c.objc; name = MediaItem.m; path = Classes/MediaItem.m; sourceTree = "<group>"; };
		6F13008C1CB478C40015E8D4 /* MediaListModel.h */ = {isa = PBXFileReference; fileEncoding = 4; lastKnownFileType = sourcecode.c.h; name = MediaListModel.h; path = Classes/MediaListModel.h; sourceTree = "<group>"; };
		6F13008D1CB478C40015E8D4 /* MediaListModel.m */ = {isa = PBXFileReference; fileEncoding = 4; lastKnownFileType = sourcecode.c.objc; name = MediaListModel.m; path = Classes/MediaListModel.m; sourceTree = "<group>"; };
		6F1300901CB47B7A0015E8D4 /* Default-568h@2x.png */ = {isa = PBXFileReference; lastKnownFileType = image.png; name = "Default-568h@2x.png"; path = "Resources/Default-568h@2x.png"; sourceTree = "<group>"; };
		6F233EBA1CA4610200E484F1 /* Images.xcassets */ = {isa = PBXFileReference; lastKnownFileType = folder.assetcatalog; name = Images.xcassets; path = Resources/Images.xcassets; sourceTree = "<group>"; };
		6F233EED1CA4610200E484F1 /* Settings.bundle */ = {isa = PBXFileReference; lastKnownFileType = "wrapper.plug-in"; name = Settings.bundle; path = Resources/Settings.bundle; sourceTree = "<group>"; };
		6F233F2E1CA4612C00E484F1 /* ActionSheet.h */ = {isa = PBXFileReference; fileEncoding = 4; lastKnownFileType = sourcecode.c.h; name = ActionSheet.h; path = Classes/ActionSheet.h; sourceTree = "<group>"; };
		6F233F2F1CA4612C00E484F1 /* ActionSheet.m */ = {isa = PBXFileReference; fileEncoding = 4; lastKnownFileType = sourcecode.c.objc; name = ActionSheet.m; path = Classes/ActionSheet.m; sourceTree = "<group>"; };
		6F233F301CA4612C00E484F1 /* AppDelegate.h */ = {isa = PBXFileReference; fileEncoding = 4; lastKnownFileType = sourcecode.c.h; name = AppDelegate.h; path = Classes/AppDelegate.h; sourceTree = "<group>"; };
		6F233F311CA4612C00E484F1 /* AppDelegate.m */ = {isa = PBXFileReference; fileEncoding = 4; lastKnownFileType = sourcecode.c.objc; name = AppDelegate.m; path = Classes/AppDelegate.m; sourceTree = "<group>"; };
		6F233F331CA4612C00E484F1 /* CastVideos-Prefix.pch */ = {isa = PBXFileReference; fileEncoding = 4; lastKnownFileType = sourcecode.c.h; name = "CastVideos-Prefix.pch"; path = "../Classes/CastVideos-Prefix.pch"; sourceTree = "<group>"; };
		6F233F361CA4612C00E484F1 /* LocalPlayerView.h */ = {isa = PBXFileReference; fileEncoding = 4; lastKnownFileType = sourcecode.c.h; name = LocalPlayerView.h; path = Classes/LocalPlayerView.h; sourceTree = "<group>"; };
		6F233F371CA4612C00E484F1 /* LocalPlayerView.m */ = {isa = PBXFileReference; fileEncoding = 4; lastKnownFileType = sourcecode.c.objc; name = LocalPlayerView.m; path = Classes/LocalPlayerView.m; sourceTree = "<group>"; };
		6F233F391CA4612C00E484F1 /* MediaQueueViewController.h */ = {isa = PBXFileReference; fileEncoding = 4; lastKnownFileType = sourcecode.c.h; name = MediaQueueViewController.h; path = Classes/MediaQueueViewController.h; sourceTree = "<group>"; };
		6F233F3A1CA4612C00E484F1 /* MediaQueueViewController.m */ = {isa = PBXFileReference; fileEncoding = 4; lastKnownFileType = sourcecode.c.objc; name = MediaQueueViewController.m; path = Classes/MediaQueueViewController.m; sourceTree = "<group>"; };
		6F233F3B1CA4612C00E484F1 /* MediaTableViewController.h */ = {isa = PBXFileReference; fileEncoding = 4; lastKnownFileType = sourcecode.c.h; name = MediaTableViewController.h; path = Classes/MediaTableViewController.h; sourceTree = "<group>"; };
		6F233F3C1CA4612C00E484F1 /* MediaTableViewController.m */ = {isa = PBXFileReference; fileEncoding = 4; lastKnownFileType = sourcecode.c.objc; name = MediaTableViewController.m; path = Classes/MediaTableViewController.m; sourceTree = "<group>"; };
		6F233F3D1CA4612C00E484F1 /* MediaViewController.h */ = {isa = PBXFileReference; fileEncoding = 4; lastKnownFileType = sourcecode.c.h; name = MediaViewController.h; path = Classes/MediaViewController.h; sourceTree = "<group>"; };
		6F233F3E1CA4612C00E484F1 /* MediaViewController.m */ = {isa = PBXFileReference; fileEncoding = 4; lastKnownFileType = sourcecode.c.objc; name = MediaViewController.m; path = Classes/MediaViewController.m; sourceTree = "<group>"; };
		6F233F451CA4612C00E484F1 /* Toast.h */ = {isa = PBXFileReference; fileEncoding = 4; lastKnownFileType = sourcecode.c.h; name = Toast.h; path = Classes/Toast.h; sourceTree = "<group>"; };
		6F233F461CA4612C00E484F1 /* Toast.m */ = {isa = PBXFileReference; fileEncoding = 4; lastKnownFileType = sourcecode.c.objc; name = Toast.m; path = Classes/Toast.m; sourceTree = "<group>"; };
		6F233F581CA4697D00E484F1 /* InfoPlist.strings */ = {isa = PBXFileReference; fileEncoding = 4; lastKnownFileType = text.plist.strings; name = InfoPlist.strings; path = Classes/InfoPlist.strings; sourceTree = SOURCE_ROOT; };
		6F233F5A1CA46A0A00E484F1 /* Main.storyboard */ = {isa = PBXFileReference; fileEncoding = 4; lastKnownFileType = file.storyboard; name = Main.storyboard; path = Resources/Main.storyboard; sourceTree = "<group>"; };
		6F233F5D1CA4776100E484F1 /* Accelerate.framework */ = {isa = PBXFileReference; lastKnownFileType = wrapper.framework; name = Accelerate.framework; path = System/Library/Frameworks/Accelerate.framework; sourceTree = SDKROOT; };
		6F233F5F1CA4776600E484F1 /* AudioToolbox.framework */ = {isa = PBXFileReference; lastKnownFileType = wrapper.framework; name = AudioToolbox.framework; path = System/Library/Frameworks/AudioToolbox.framework; sourceTree = SDKROOT; };
		6F233F611CA4776B00E484F1 /* AVFoundation.framework */ = {isa = PBXFileReference; lastKnownFileType = wrapper.framework; name = AVFoundation.framework; path = System/Library/Frameworks/AVFoundation.framework; sourceTree = SDKROOT; };
		6F233F631CA4777300E484F1 /* CoreBluetooth.framework */ = {isa = PBXFileReference; lastKnownFileType = wrapper.framework; name = CoreBluetooth.framework; path = System/Library/Frameworks/CoreBluetooth.framework; sourceTree = SDKROOT; };
		6F233F651CA4777B00E484F1 /* CoreText.framework */ = {isa = PBXFileReference; lastKnownFileType = wrapper.framework; name = CoreText.framework; path = System/Library/Frameworks/CoreText.framework; sourceTree = SDKROOT; };
		6F233F691CA477BB00E484F1 /* MediaAccessibility.framework */ = {isa = PBXFileReference; lastKnownFileType = wrapper.framework; name = MediaAccessibility.framework; path = System/Library/Frameworks/MediaAccessibility.framework; sourceTree = SDKROOT; };
		6F233F6A1CA477BB00E484F1 /* MediaPlayer.framework */ = {isa = PBXFileReference; lastKnownFileType = wrapper.framework; name = MediaPlayer.framework; path = System/Library/Frameworks/MediaPlayer.framework; sourceTree = SDKROOT; };
		6F233F6B1CA477BB00E484F1 /* MediaToolbox.framework */ = {isa = PBXFileReference; lastKnownFileType = wrapper.framework; name = MediaToolbox.framework; path = System/Library/Frameworks/MediaToolbox.framework; sourceTree = SDKROOT; };
		6F233F6F1CA477C500E484F1 /* SystemConfiguration.framework */ = {isa = PBXFileReference; lastKnownFileType = wrapper.framework; name = SystemConfiguration.framework; path = System/Library/Frameworks/SystemConfiguration.framework; sourceTree = SDKROOT; };
		6F233F731CA478FB00E484F1 /* CoreGraphics.framework */ = {isa = PBXFileReference; lastKnownFileType = wrapper.framework; name = CoreGraphics.framework; path = System/Library/Frameworks/CoreGraphics.framework; sourceTree = SDKROOT; };
		6F233F751CA4790200E484F1 /* UIKit.framework */ = {isa = PBXFileReference; lastKnownFileType = wrapper.framework; name = UIKit.framework; path = System/Library/Frameworks/UIKit.framework; sourceTree = SDKROOT; };
		6F233F771CA4791000E484F1 /* Foundation.framework */ = {isa = PBXFileReference; lastKnownFileType = wrapper.framework; name = Foundation.framework; path = System/Library/Frameworks/Foundation.framework; sourceTree = SDKROOT; };
		6F3F70BB1CB5CFAE006AF097 /* logo_castvideos.png */ = {isa = PBXFileReference; lastKnownFileType = image.png; name = logo_castvideos.png; path = Resources/logo_castvideos.png; sourceTree = "<group>"; };
		6F3F70BC1CB5CFAE006AF097 /* logo_castvideos@2x.png */ = {isa = PBXFileReference; lastKnownFileType = image.png; name = "logo_castvideos@2x.png"; path = "Resources/logo_castvideos@2x.png"; sourceTree = "<group>"; };
		6F4480CF1CC950320029F0F0 /* GoogleCast.framework */ = {isa = PBXFileReference; lastKnownFileType = wrapper.framework; name = GoogleCast.framework; path = Frameworks/GoogleCast.framework; sourceTree = "<group>"; };
		6F4480D11CC950BF0029F0F0 /* GoogleCastResources.bundle */ = {isa = PBXFileReference; lastKnownFileType = "wrapper.plug-in"; name = GoogleCastResources.bundle; path = Frameworks/GoogleCast.framework/Versions/A/Resources/GoogleCastResources.bundle; sourceTree = "<group>"; };
		6F510A911CD7F937006CDC2B /* GoogleCast.framework */ = {isa = PBXFileReference; lastKnownFileType = wrapper.framework; name = GoogleCast.framework; path = Frameworks/GoogleCast.framework; sourceTree = "<group>"; };
		6F510AC41CD93C7A006CDC2B /* ExpandedViewController.m */ = {isa = PBXFileReference; fileEncoding = 4; lastKnownFileType = sourcecode.c.objc; name = ExpandedViewController.m; path = Classes/ExpandedViewController.m; sourceTree = "<group>"; };
		6F510AC51CD93C7A006CDC2B /* ExpandedViewController.h */ = {isa = PBXFileReference; fileEncoding = 4; lastKnownFileType = sourcecode.c.h; name = ExpandedViewController.h; path = Classes/ExpandedViewController.h; sourceTree = "<group>"; };
		6FAEDDF51CF77F8000E1691F /* libc++.tbd */ = {isa = PBXFileReference; lastKnownFileType = "sourcecode.text-based-dylib-definition"; name = "libc++.tbd"; path = "usr/lib/libc++.tbd"; sourceTree = SDKROOT; };
		6FBC43DF1CA3138500AAB267 /* CastVideos-ios.app */ = {isa = PBXFileReference; explicitFileType = wrapper.application; includeInIndex = 0; path = "CastVideos-ios.app"; sourceTree = BUILT_PRODUCTS_DIR; };
		6FBC43E31CA3138500AAB267 /* main.m */ = {isa = PBXFileReference; lastKnownFileType = sourcecode.c.objc; path = main.m; sourceTree = "<group>"; };
		6FBC43F31CA3138500AAB267 /* Info.plist */ = {isa = PBXFileReference; lastKnownFileType = text.plist.xml; path = Info.plist; sourceTree = "<group>"; };
		6FCE60A91CC57BFF000129A3 /* QuartzCore.framework */ = {isa = PBXFileReference; lastKnownFileType = wrapper.framework; name = QuartzCore.framework; path = System/Library/Frameworks/QuartzCore.framework; sourceTree = SDKROOT; };
		6FCE60B31CC6AA85000129A3 /* play_circle.png */ = {isa = PBXFileReference; lastKnownFileType = image.png; name = play_circle.png; path = Resources/play_circle.png; sourceTree = "<group>"; };
		6FCE60B51CC6C388000129A3 /* pause_circle@3x.png */ = {isa = PBXFileReference; lastKnownFileType = image.png; name = "pause_circle@3x.png"; path = "Resources/pause_circle@3x.png"; sourceTree = "<group>"; };
		6FCE60B61CC6C388000129A3 /* pause_circle@2x.png */ = {isa = PBXFileReference; lastKnownFileType = image.png; name = "pause_circle@2x.png"; path = "Resources/pause_circle@2x.png"; sourceTree = "<group>"; };
		6FCE60B71CC6C388000129A3 /* pause_circle.png */ = {isa = PBXFileReference; lastKnownFileType = image.png; name = pause_circle.png; path = Resources/pause_circle.png; sourceTree = "<group>"; };
		6FCE60BB1CC6CB24000129A3 /* play@3.png */ = {isa = PBXFileReference; lastKnownFileType = image.png; name = "play@3.png"; path = "Resources/play@3.png"; sourceTree = "<group>"; };
		6FCE60BC1CC6CB24000129A3 /* play@2.png */ = {isa = PBXFileReference; lastKnownFileType = image.png; name = "play@2.png"; path = "Resources/play@2.png"; sourceTree = "<group>"; };
		6FCE60BD1CC6CB24000129A3 /* play.png */ = {isa = PBXFileReference; lastKnownFileType = image.png; name = play.png; path = Resources/play.png; sourceTree = "<group>"; };
		6FCE60BE1CC6CB24000129A3 /* pause@3.png */ = {isa = PBXFileReference; lastKnownFileType = image.png; name = "pause@3.png"; path = "Resources/pause@3.png"; sourceTree = "<group>"; };
		6FCE60BF1CC6CB24000129A3 /* pause@2.png */ = {isa = PBXFileReference; lastKnownFileType = image.png; name = "pause@2.png"; path = "Resources/pause@2.png"; sourceTree = "<group>"; };
		6FCE60C01CC6CB24000129A3 /* pause.png */ = {isa = PBXFileReference; lastKnownFileType = image.png; name = pause.png; path = Resources/pause.png; sourceTree = "<group>"; };
		6FE3DCE11CBF39E20064C1E9 /* overflow_2x.png */ = {isa = PBXFileReference; lastKnownFileType = image.png; name = overflow_2x.png; path = Resources/overflow_2x.png; sourceTree = "<group>"; };
		6FE3DCE21CBF39E20064C1E9 /* overflow.png */ = {isa = PBXFileReference; lastKnownFileType = image.png; name = overflow.png; path = Resources/overflow.png; sourceTree = "<group>"; };
		6FE3DCE51CC052EB0064C1E9 /* thumb.png */ = {isa = PBXFileReference; lastKnownFileType = image.png; name = thumb.png; path = Resources/thumb.png; sourceTree = "<group>"; };
		6FE3DCE61CC052EB0064C1E9 /* thumb@2x.png */ = {isa = PBXFileReference; lastKnownFileType = image.png; name = "thumb@2x.png"; path = "Resources/thumb@2x.png"; sourceTree = "<group>"; };
		6FE3DCE71CC052EB0064C1E9 /* thumb@3x.png */ = {isa = PBXFileReference; lastKnownFileType = image.png; name = "thumb@3x.png"; path = "Resources/thumb@3x.png"; sourceTree = "<group>"; };
		6FE3DCEB1CC0557C0064C1E9 /* media_previous@3x.png */ = {isa = PBXFileReference; lastKnownFileType = image.png; name = "media_previous@3x.png"; path = "Resources/media_previous@3x.png"; sourceTree = "<group>"; };
		6FE3DCEC1CC0557C0064C1E9 /* media_previous@2x.png */ = {isa = PBXFileReference; lastKnownFileType = image.png; name = "media_previous@2x.png"; path = "Resources/media_previous@2x.png"; sourceTree = "<group>"; };
		6FE3DCED1CC0557C0064C1E9 /* media_previous.png */ = {isa = PBXFileReference; lastKnownFileType = image.png; name = media_previous.png; path = Resources/media_previous.png; sourceTree = "<group>"; };
		6FE3DCF11CC056690064C1E9 /* volume3@3x.png */ = {isa = PBXFileReference; lastKnownFileType = image.png; name = "volume3@3x.png"; path = "Resources/volume3@3x.png"; sourceTree = "<group>"; };
		6FE3DCF21CC056690064C1E9 /* volume3@2x.png */ = {isa = PBXFileReference; lastKnownFileType = image.png; name = "volume3@2x.png"; path = "Resources/volume3@2x.png"; sourceTree = "<group>"; };
		6FE3DCF31CC056690064C1E9 /* volume3.png */ = {isa = PBXFileReference; lastKnownFileType = image.png; name = volume3.png; path = Resources/volume3.png; sourceTree = "<group>"; };
		6FE3DCF41CC056690064C1E9 /* closed_captions@3x.png */ = {isa = PBXFileReference; lastKnownFileType = image.png; name = "closed_captions@3x.png"; path = "Resources/closed_captions@3x.png"; sourceTree = "<group>"; };
		6FE3DCF51CC056690064C1E9 /* closed_captions@2x.png */ = {isa = PBXFileReference; lastKnownFileType = image.png; name = "closed_captions@2x.png"; path = "Resources/closed_captions@2x.png"; sourceTree = "<group>"; };
		6FE3DCF61CC056690064C1E9 /* closed_captions.png */ = {isa = PBXFileReference; lastKnownFileType = image.png; name = closed_captions.png; path = Resources/closed_captions.png; sourceTree = "<group>"; };
		6FE3DCF71CC056690064C1E9 /* media_next@2x.png */ = {isa = PBXFileReference; lastKnownFileType = image.png; name = "media_next@2x.png"; path = "Resources/media_next@2x.png"; sourceTree = "<group>"; };
		6FE3DCF81CC056690064C1E9 /* media_next@3x.png */ = {isa = PBXFileReference; lastKnownFileType = image.png; name = "media_next@3x.png"; path = "Resources/media_next@3x.png"; sourceTree = "<group>"; };
		6FE3DCF91CC056690064C1E9 /* media_next.png */ = {isa = PBXFileReference; lastKnownFileType = image.png; name = media_next.png; path = Resources/media_next.png; sourceTree = "<group>"; };
		6FE3DD031CC150890064C1E9 /* volume0@3x.png */ = {isa = PBXFileReference; lastKnownFileType = image.png; name = "volume0@3x.png"; path = "Resources/volume0@3x.png"; sourceTree = "<group>"; };
		6FE3DD041CC150890064C1E9 /* volume0@2x.png */ = {isa = PBXFileReference; lastKnownFileType = image.png; name = "volume0@2x.png"; path = "Resources/volume0@2x.png"; sourceTree = "<group>"; };
		6FE3DD051CC150890064C1E9 /* volume0.png */ = {isa = PBXFileReference; lastKnownFileType = image.png; name = volume0.png; path = Resources/volume0.png; sourceTree = "<group>"; };
		6FEF79871CB8222E001211D3 /* playlist_white@2x.png */ = {isa = PBXFileReference; lastKnownFileType = image.png; name = "playlist_white@2x.png"; path = "Resources/playlist_white@2x.png"; sourceTree = "<group>"; };
		6FEF79881CB8222E001211D3 /* playlist_white@3x.png */ = {isa = PBXFileReference; lastKnownFileType = image.png; name = "playlist_white@3x.png"; path = "Resources/playlist_white@3x.png"; sourceTree = "<group>"; };
		6FEF79891CB8222E001211D3 /* playlist@2x.png */ = {isa = PBXFileReference; lastKnownFileType = image.png; name = "playlist@2x.png"; path = "Resources/playlist@2x.png"; sourceTree = "<group>"; };
		6FEF798A1CB8222E001211D3 /* playlist@3x.png */ = {isa = PBXFileReference; lastKnownFileType = image.png; name = "playlist@3x.png"; path = "Resources/playlist@3x.png"; sourceTree = "<group>"; };
		6FEF79B21CBC340B001211D3 /* play_circle@2x.png */ = {isa = PBXFileReference; lastKnownFileType = image.png; name = "play_circle@2x.png"; path = "Resources/play_circle@2x.png"; sourceTree = "<group>"; };
		6FEF79B31CBC340B001211D3 /* play_circle@3x.png */ = {isa = PBXFileReference; lastKnownFileType = image.png; name = "play_circle@3x.png"; path = "Resources/play_circle@3x.png"; sourceTree = "<group>"; };
/* End PBXFileReference section */

/* Begin PBXFrameworksBuildPhase section */
		6FBC43DC1CA3138500AAB267 /* Frameworks */ = {
			isa = PBXFrameworksBuildPhase;
			buildActionMask = 2147483647;
			files = (
				6FAEDDF61CF77F8100E1691F /* libc++.tbd in Frameworks */,
				6F510A951CD7F955006CDC2B /* GoogleCast.framework in Frameworks */,
				6FCE60AA1CC57BFF000129A3 /* QuartzCore.framework in Frameworks */,
				6F233F781CA4791000E484F1 /* Foundation.framework in Frameworks */,
				6F233F761CA4790200E484F1 /* UIKit.framework in Frameworks */,
				6F233F741CA478FB00E484F1 /* CoreGraphics.framework in Frameworks */,
				6F233F701CA477C500E484F1 /* SystemConfiguration.framework in Frameworks */,
				6F233F6C1CA477BB00E484F1 /* MediaAccessibility.framework in Frameworks */,
				6F233F6D1CA477BB00E484F1 /* MediaPlayer.framework in Frameworks */,
				6F233F6E1CA477BB00E484F1 /* MediaToolbox.framework in Frameworks */,
				6F233F661CA4777B00E484F1 /* CoreText.framework in Frameworks */,
				6F233F641CA4777300E484F1 /* CoreBluetooth.framework in Frameworks */,
				6F233F621CA4776B00E484F1 /* AVFoundation.framework in Frameworks */,
				6F233F601CA4776600E484F1 /* AudioToolbox.framework in Frameworks */,
				6F233F5E1CA4776100E484F1 /* Accelerate.framework in Frameworks */,
			);
			runOnlyForDeploymentPostprocessing = 0;
		};
/* End PBXFrameworksBuildPhase section */

/* Begin PBXGroup section */
		6F233EB71CA460AC00E484F1 /* Classes */ = {
			isa = PBXGroup;
			children = (
				6F510AC41CD93C7A006CDC2B /* ExpandedViewController.m */,
				6F510AC51CD93C7A006CDC2B /* ExpandedViewController.h */,
				6F13008A1CB478C40015E8D4 /* MediaItem.h */,
				6F13008B1CB478C40015E8D4 /* MediaItem.m */,
				6F13008C1CB478C40015E8D4 /* MediaListModel.h */,
				6F13008D1CB478C40015E8D4 /* MediaListModel.m */,
				6F1300871CB427810015E8D4 /* RootContainerViewController.h */,
				6F1300881CB427810015E8D4 /* RootContainerViewController.m */,
				6F233F2E1CA4612C00E484F1 /* ActionSheet.h */,
				6F233F2F1CA4612C00E484F1 /* ActionSheet.m */,
				6F233F301CA4612C00E484F1 /* AppDelegate.h */,
				6F233F311CA4612C00E484F1 /* AppDelegate.m */,
				6F233F361CA4612C00E484F1 /* LocalPlayerView.h */,
				6F233F371CA4612C00E484F1 /* LocalPlayerView.m */,
				6F233F391CA4612C00E484F1 /* MediaQueueViewController.h */,
				6F233F3A1CA4612C00E484F1 /* MediaQueueViewController.m */,
				6F233F3B1CA4612C00E484F1 /* MediaTableViewController.h */,
				6F233F3C1CA4612C00E484F1 /* MediaTableViewController.m */,
				6F233F3D1CA4612C00E484F1 /* MediaViewController.h */,
				6F233F3E1CA4612C00E484F1 /* MediaViewController.m */,
				6F233F451CA4612C00E484F1 /* Toast.h */,
				6F233F461CA4612C00E484F1 /* Toast.m */,
				6FBC43E21CA3138500AAB267 /* Supporting Files */,
			);
			name = Classes;
			sourceTree = "<group>";
		};
		6F233EB81CA460B100E484F1 /* Frameworks */ = {
			isa = PBXGroup;
			children = (
				6FAEDDF51CF77F8000E1691F /* libc++.tbd */,
				6F4480CF1CC950320029F0F0 /* GoogleCast.framework */,
				6FCE60A91CC57BFF000129A3 /* QuartzCore.framework */,
				6F233F771CA4791000E484F1 /* Foundation.framework */,
				6F233F751CA4790200E484F1 /* UIKit.framework */,
				6F233F731CA478FB00E484F1 /* CoreGraphics.framework */,
				6F233F6F1CA477C500E484F1 /* SystemConfiguration.framework */,
				6F233F691CA477BB00E484F1 /* MediaAccessibility.framework */,
				6F233F6A1CA477BB00E484F1 /* MediaPlayer.framework */,
				6F233F6B1CA477BB00E484F1 /* MediaToolbox.framework */,
				6F233F651CA4777B00E484F1 /* CoreText.framework */,
				6F233F631CA4777300E484F1 /* CoreBluetooth.framework */,
				6F233F611CA4776B00E484F1 /* AVFoundation.framework */,
				6F233F5F1CA4776600E484F1 /* AudioToolbox.framework */,
				6F233F5D1CA4776100E484F1 /* Accelerate.framework */,
			);
			name = Frameworks;
			sourceTree = "<group>";
		};
		6F233EB91CA460BB00E484F1 /* Resources */ = {
			isa = PBXGroup;
			children = (
				6FCE60BB1CC6CB24000129A3 /* play@3.png */,
				6FCE60BC1CC6CB24000129A3 /* play@2.png */,
				6FCE60BD1CC6CB24000129A3 /* play.png */,
				6FCE60BE1CC6CB24000129A3 /* pause@3.png */,
				6FCE60BF1CC6CB24000129A3 /* pause@2.png */,
				6FCE60C01CC6CB24000129A3 /* pause.png */,
				6FCE60B51CC6C388000129A3 /* pause_circle@3x.png */,
				6FCE60B61CC6C388000129A3 /* pause_circle@2x.png */,
				6FCE60B71CC6C388000129A3 /* pause_circle.png */,
				6FCE60B31CC6AA85000129A3 /* play_circle.png */,
				6FE3DD031CC150890064C1E9 /* volume0@3x.png */,
				6FE3DD041CC150890064C1E9 /* volume0@2x.png */,
				6FE3DD051CC150890064C1E9 /* volume0.png */,
				6FE3DCF11CC056690064C1E9 /* volume3@3x.png */,
				6FE3DCF21CC056690064C1E9 /* volume3@2x.png */,
				6FE3DCF31CC056690064C1E9 /* volume3.png */,
				6FE3DCF41CC056690064C1E9 /* closed_captions@3x.png */,
				6FE3DCF51CC056690064C1E9 /* closed_captions@2x.png */,
				6FE3DCF61CC056690064C1E9 /* closed_captions.png */,
				6FE3DCF71CC056690064C1E9 /* media_next@2x.png */,
				6FE3DCF81CC056690064C1E9 /* media_next@3x.png */,
				6FE3DCF91CC056690064C1E9 /* media_next.png */,
				6FE3DCEB1CC0557C0064C1E9 /* media_previous@3x.png */,
				6FE3DCEC1CC0557C0064C1E9 /* media_previous@2x.png */,
				6FE3DCED1CC0557C0064C1E9 /* media_previous.png */,
				6FE3DCE51CC052EB0064C1E9 /* thumb.png */,
				6FE3DCE61CC052EB0064C1E9 /* thumb@2x.png */,
				6FE3DCE71CC052EB0064C1E9 /* thumb@3x.png */,
				6FE3DCE11CBF39E20064C1E9 /* overflow_2x.png */,
				6FE3DCE21CBF39E20064C1E9 /* overflow.png */,
				6FEF79B21CBC340B001211D3 /* play_circle@2x.png */,
				6FEF79B31CBC340B001211D3 /* play_circle@3x.png */,
				6FEF79871CB8222E001211D3 /* playlist_white@2x.png */,
				6FEF79881CB8222E001211D3 /* playlist_white@3x.png */,
				6FEF79891CB8222E001211D3 /* playlist@2x.png */,
				6FEF798A1CB8222E001211D3 /* playlist@3x.png */,
				6F3F70BB1CB5CFAE006AF097 /* logo_castvideos.png */,
				6F3F70BC1CB5CFAE006AF097 /* logo_castvideos@2x.png */,
				6F1300901CB47B7A0015E8D4 /* Default-568h@2x.png */,
				6F233F5A1CA46A0A00E484F1 /* Main.storyboard */,
				6F233EBA1CA4610200E484F1 /* Images.xcassets */,
				6F233EED1CA4610200E484F1 /* Settings.bundle */,
			);
			name = Resources;
			sourceTree = "<group>";
		};
		6FBC43D61CA3138500AAB267 = {
			isa = PBXGroup;
			children = (
				6F510A911CD7F937006CDC2B /* GoogleCast.framework */,
				6F4480D11CC950BF0029F0F0 /* GoogleCastResources.bundle */,
				6F233EB91CA460BB00E484F1 /* Resources */,
				6F233EB81CA460B100E484F1 /* Frameworks */,
				6F233EB71CA460AC00E484F1 /* Classes */,
				6FBC43E01CA3138500AAB267 /* Products */,
			);
			sourceTree = "<group>";
		};
		6FBC43E01CA3138500AAB267 /* Products */ = {
			isa = PBXGroup;
			children = (
				6FBC43DF1CA3138500AAB267 /* CastVideos-ios.app */,
			);
			name = Products;
			sourceTree = "<group>";
		};
		6FBC43E21CA3138500AAB267 /* Supporting Files */ = {
			isa = PBXGroup;
			children = (
				6F233F581CA4697D00E484F1 /* InfoPlist.strings */,
				6FBC43F31CA3138500AAB267 /* Info.plist */,
				6FBC43E31CA3138500AAB267 /* main.m */,
				6F233F331CA4612C00E484F1 /* CastVideos-Prefix.pch */,
			);
			name = "Supporting Files";
			path = "CastVideos-ios";
			sourceTree = "<group>";
		};
/* End PBXGroup section */

/* Begin PBXNativeTarget section */
		6FBC43DE1CA3138500AAB267 /* CastVideos-ios */ = {
			isa = PBXNativeTarget;
			buildConfigurationList = 6FBC43F61CA3138500AAB267 /* Build configuration list for PBXNativeTarget "CastVideos-ios" */;
			buildPhases = (
				6FFD0DF31D0F17C7000F1901 /* Check Pods Manifest.lock */,
				6FBC43DB1CA3138500AAB267 /* Sources */,
				6FBC43DC1CA3138500AAB267 /* Frameworks */,
				6FBC43DD1CA3138500AAB267 /* Resources */,
				6F124A211D0788AF00F972FF /* Embed Pods Frameworks */,
				6F124A221D0788C500F972FF /* Copy Pods Resources */,
			);
			buildRules = (
			);
			dependencies = (
			);
			name = "CastVideos-ios";
			productName = "CastVideosCaf-ios";
			productReference = 6FBC43DF1CA3138500AAB267 /* CastVideos-ios.app */;
			productType = "com.apple.product-type.application";
		};
/* End PBXNativeTarget section */

/* Begin PBXProject section */
		6FBC43D71CA3138500AAB267 /* Project object */ = {
			isa = PBXProject;
			attributes = {
				LastUpgradeCheck = 0720;
				ORGANIZATIONNAME = Google;
				TargetAttributes = {
					6FBC43DE1CA3138500AAB267 = {
						CreatedOnToolsVersion = 7.2.1;
					};
				};
			};
			buildConfigurationList = 6FBC43DA1CA3138500AAB267 /* Build configuration list for PBXProject "CastVideos-ios" */;
			compatibilityVersion = "Xcode 3.2";
			developmentRegion = English;
			hasScannedForEncodings = 0;
			knownRegions = (
				en,
				Base,
			);
			mainGroup = 6FBC43D61CA3138500AAB267;
			productRefGroup = 6FBC43E01CA3138500AAB267 /* Products */;
			projectDirPath = "";
			projectRoot = "";
			targets = (
				6FBC43DE1CA3138500AAB267 /* CastVideos-ios */,
			);
		};
/* End PBXProject section */

/* Begin PBXResourcesBuildPhase section */
		6FBC43DD1CA3138500AAB267 /* Resources */ = {
			isa = PBXResourcesBuildPhase;
			buildActionMask = 2147483647;
			files = (
				6F4480D21CC950BF0029F0F0 /* GoogleCastResources.bundle in Resources */,
				6F3F70BE1CB5CFAE006AF097 /* logo_castvideos@2x.png in Resources */,
				6FE3DCFB1CC056690064C1E9 /* volume3@2x.png in Resources */,
				6FCE60C41CC6CB24000129A3 /* pause@3.png in Resources */,
				6F3F70BD1CB5CFAE006AF097 /* logo_castvideos.png in Resources */,
				6FE3DCFF1CC056690064C1E9 /* closed_captions.png in Resources */,
				6FE3DCFD1CC056690064C1E9 /* closed_captions@3x.png in Resources */,
				6FE3DCEA1CC052EB0064C1E9 /* thumb@3x.png in Resources */,
				6FCE60B91CC6C388000129A3 /* pause_circle@2x.png in Resources */,
				6FEF798C1CB8222E001211D3 /* playlist_white@3x.png in Resources */,
				6FE3DD001CC056690064C1E9 /* media_next@2x.png in Resources */,
				6FE3DCFA1CC056690064C1E9 /* volume3@3x.png in Resources */,
				6FE3DD071CC150890064C1E9 /* volume0@2x.png in Resources */,
				6F233F591CA4697D00E484F1 /* InfoPlist.strings in Resources */,
				6FE3DCE81CC052EB0064C1E9 /* thumb.png in Resources */,
				6F233EF31CA4610200E484F1 /* Images.xcassets in Resources */,
				6FEF798B1CB8222E001211D3 /* playlist_white@2x.png in Resources */,
				6FEF798E1CB8222E001211D3 /* playlist@3x.png in Resources */,
				6FE3DD011CC056690064C1E9 /* media_next@3x.png in Resources */,
				6FE3DCEF1CC0557C0064C1E9 /* media_previous@2x.png in Resources */,
				6FE3DCE41CBF39E20064C1E9 /* overflow.png in Resources */,
				6FCE60C51CC6CB24000129A3 /* pause@2.png in Resources */,
				6FCE60BA1CC6C388000129A3 /* pause_circle.png in Resources */,
				6FCE60C21CC6CB24000129A3 /* play@2.png in Resources */,
				6FE3DCEE1CC0557C0064C1E9 /* media_previous@3x.png in Resources */,
				6FE3DCF01CC0557C0064C1E9 /* media_previous.png in Resources */,
				6FCE60C61CC6CB24000129A3 /* pause.png in Resources */,
				6FE3DD061CC150890064C1E9 /* volume0@3x.png in Resources */,
				6FE3DCE31CBF39E20064C1E9 /* overflow_2x.png in Resources */,
				6FCE60C11CC6CB24000129A3 /* play@3.png in Resources */,
				6F233F261CA4610200E484F1 /* Settings.bundle in Resources */,
				6FEF798D1CB8222E001211D3 /* playlist@2x.png in Resources */,
				6FE3DCE91CC052EB0064C1E9 /* thumb@2x.png in Resources */,
				6F233F5B1CA46A0A00E484F1 /* Main.storyboard in Resources */,
				6FE3DD021CC056690064C1E9 /* media_next.png in Resources */,
				6FCE60B81CC6C388000129A3 /* pause_circle@3x.png in Resources */,
				6FE3DCFC1CC056690064C1E9 /* volume3.png in Resources */,
				6FEF79B51CBC340B001211D3 /* play_circle@3x.png in Resources */,
				6F1300911CB47B7A0015E8D4 /* Default-568h@2x.png in Resources */,
				6FEF79B41CBC340B001211D3 /* play_circle@2x.png in Resources */,
				6FCE60C31CC6CB24000129A3 /* play.png in Resources */,
				6FE3DD081CC150890064C1E9 /* volume0.png in Resources */,
				6FCE60B41CC6AA85000129A3 /* play_circle.png in Resources */,
				6FE3DCFE1CC056690064C1E9 /* closed_captions@2x.png in Resources */,
			);
			runOnlyForDeploymentPostprocessing = 0;
		};
/* End PBXResourcesBuildPhase section */

/* Begin PBXShellScriptBuildPhase section */
		6F124A211D0788AF00F972FF /* Embed Pods Frameworks */ = {
			isa = PBXShellScriptBuildPhase;
			buildActionMask = 2147483647;
			files = (
			);
			inputPaths = (
			);
			name = "Embed Pods Frameworks";
			outputPaths = (
			);
			runOnlyForDeploymentPostprocessing = 0;
			shellPath = /bin/sh;
			shellScript = "\"${SRCROOT}/Pods/Target Support Files/Pods-CastVideos/Pods-CastVideos-frameworks.sh\"";
			showEnvVarsInLog = 0;
		};
		6F124A221D0788C500F972FF /* Copy Pods Resources */ = {
			isa = PBXShellScriptBuildPhase;
			buildActionMask = 2147483647;
			files = (
			);
			inputPaths = (
			);
			name = "Copy Pods Resources";
			outputPaths = (
			);
			runOnlyForDeploymentPostprocessing = 0;
			shellPath = /bin/sh;
			shellScript = "\"${SRCROOT}/Pods/Target Support Files/Pods-CastVideos/Pods-CastVideos-resources.sh\"\n";
			showEnvVarsInLog = 0;
		};
		6FFD0DF31D0F17C7000F1901 /* Check Pods Manifest.lock */ = {
			isa = PBXShellScriptBuildPhase;
			buildActionMask = 2147483647;
			files = (
			);
			inputPaths = (
			);
			name = "Check Pods Manifest.lock";
			outputPaths = (
			);
			runOnlyForDeploymentPostprocessing = 0;
			shellPath = /bin/sh;
			shellScript = "diff \"${PODS_ROOT}/../Podfile.lock\" \"${PODS_ROOT}/Manifest.lock\" > /dev/null\nif [[ $? != 0 ]] ; then\ncat << EOM\nerror: The sandbox is not in sync with the Podfile.lock. Run 'pod install' or update your CocoaPods installation.\nEOM\nexit 1\nfi\n";
			showEnvVarsInLog = 0;
		};
/* End PBXShellScriptBuildPhase section */

/* Begin PBXSourcesBuildPhase section */
		6FBC43DB1CA3138500AAB267 /* Sources */ = {
			isa = PBXSourcesBuildPhase;
			buildActionMask = 2147483647;
			files = (
				6F1300891CB427810015E8D4 /* RootContainerViewController.m in Sources */,
				6F13008E1CB478C40015E8D4 /* MediaItem.m in Sources */,
				6F233F501CA4612C00E484F1 /* MediaQueueViewController.m in Sources */,
				6F13008F1CB478C40015E8D4 /* MediaListModel.m in Sources */,
				6F233F4E1CA4612C00E484F1 /* LocalPlayerView.m in Sources */,
				6F233F561CA4612C00E484F1 /* Toast.m in Sources */,
				6FBC43E41CA3138500AAB267 /* main.m in Sources */,
				6F510AC61CD93C7A006CDC2B /* ExpandedViewController.m in Sources */,
				6F233F491CA4612C00E484F1 /* ActionSheet.m in Sources */,
				6F233F4A1CA4612C00E484F1 /* AppDelegate.m in Sources */,
				6F233F511CA4612C00E484F1 /* MediaTableViewController.m in Sources */,
				6F233F521CA4612C00E484F1 /* MediaViewController.m in Sources */,
			);
			runOnlyForDeploymentPostprocessing = 0;
		};
/* End PBXSourcesBuildPhase section */

/* Begin XCBuildConfiguration section */
		6FBC43F41CA3138500AAB267 /* Debug */ = {
			isa = XCBuildConfiguration;
			buildSettings = {
				ALWAYS_SEARCH_USER_PATHS = NO;
				CLANG_CXX_LANGUAGE_STANDARD = "gnu++0x";
				CLANG_CXX_LIBRARY = "libc++";
				CLANG_ENABLE_MODULES = YES;
				CLANG_ENABLE_OBJC_ARC = YES;
				CLANG_WARN_BOOL_CONVERSION = YES;
				CLANG_WARN_CONSTANT_CONVERSION = YES;
				CLANG_WARN_DIRECT_OBJC_ISA_USAGE = YES_ERROR;
				CLANG_WARN_EMPTY_BODY = YES;
				CLANG_WARN_ENUM_CONVERSION = YES;
				CLANG_WARN_INT_CONVERSION = YES;
				CLANG_WARN_OBJC_ROOT_CLASS = YES_ERROR;
				CLANG_WARN_UNREACHABLE_CODE = YES;
				CLANG_WARN__DUPLICATE_METHOD_MATCH = YES;
				"CODE_SIGN_IDENTITY[sdk=iphoneos*]" = "iPhone Developer";
				COPY_PHASE_STRIP = NO;
				DEBUG_INFORMATION_FORMAT = dwarf;
				ENABLE_STRICT_OBJC_MSGSEND = YES;
				ENABLE_TESTABILITY = YES;
				GCC_C_LANGUAGE_STANDARD = gnu99;
				GCC_DYNAMIC_NO_PIC = NO;
				GCC_NO_COMMON_BLOCKS = YES;
				GCC_OPTIMIZATION_LEVEL = 0;
				GCC_PREPROCESSOR_DEFINITIONS = (
					"DEBUG=1",
					"$(inherited)",
				);
				GCC_WARN_64_TO_32_BIT_CONVERSION = YES;
				GCC_WARN_ABOUT_RETURN_TYPE = YES_ERROR;
				GCC_WARN_UNDECLARED_SELECTOR = YES;
				GCC_WARN_UNINITIALIZED_AUTOS = YES_AGGRESSIVE;
				GCC_WARN_UNUSED_FUNCTION = YES;
				GCC_WARN_UNUSED_VARIABLE = YES;
				IPHONEOS_DEPLOYMENT_TARGET = 9.2;
				MTL_ENABLE_DEBUG_INFO = YES;
				ONLY_ACTIVE_ARCH = YES;
				SDKROOT = iphoneos;
				TARGETED_DEVICE_FAMILY = "1,2";
			};
			name = Debug;
		};
		6FBC43F51CA3138500AAB267 /* Release */ = {
			isa = XCBuildConfiguration;
			buildSettings = {
				ALWAYS_SEARCH_USER_PATHS = NO;
				CLANG_CXX_LANGUAGE_STANDARD = "gnu++0x";
				CLANG_CXX_LIBRARY = "libc++";
				CLANG_ENABLE_MODULES = YES;
				CLANG_ENABLE_OBJC_ARC = YES;
				CLANG_WARN_BOOL_CONVERSION = YES;
				CLANG_WARN_CONSTANT_CONVERSION = YES;
				CLANG_WARN_DIRECT_OBJC_ISA_USAGE = YES_ERROR;
				CLANG_WARN_EMPTY_BODY = YES;
				CLANG_WARN_ENUM_CONVERSION = YES;
				CLANG_WARN_INT_CONVERSION = YES;
				CLANG_WARN_OBJC_ROOT_CLASS = YES_ERROR;
				CLANG_WARN_UNREACHABLE_CODE = YES;
				CLANG_WARN__DUPLICATE_METHOD_MATCH = YES;
				"CODE_SIGN_IDENTITY[sdk=iphoneos*]" = "iPhone Developer";
				COPY_PHASE_STRIP = NO;
				DEBUG_INFORMATION_FORMAT = "dwarf-with-dsym";
				ENABLE_NS_ASSERTIONS = NO;
				ENABLE_STRICT_OBJC_MSGSEND = YES;
				GCC_C_LANGUAGE_STANDARD = gnu99;
				GCC_NO_COMMON_BLOCKS = YES;
				GCC_WARN_64_TO_32_BIT_CONVERSION = YES;
				GCC_WARN_ABOUT_RETURN_TYPE = YES_ERROR;
				GCC_WARN_UNDECLARED_SELECTOR = YES;
				GCC_WARN_UNINITIALIZED_AUTOS = YES_AGGRESSIVE;
				GCC_WARN_UNUSED_FUNCTION = YES;
				GCC_WARN_UNUSED_VARIABLE = YES;
				IPHONEOS_DEPLOYMENT_TARGET = 9.2;
				MTL_ENABLE_DEBUG_INFO = NO;
				SDKROOT = iphoneos;
				TARGETED_DEVICE_FAMILY = "1,2";
				VALIDATE_PRODUCT = YES;
			};
			name = Release;
		};
		6FBC43F71CA3138500AAB267 /* Debug */ = {
			isa = XCBuildConfiguration;
			buildSettings = {
				ASSETCATALOG_COMPILER_APPICON_NAME = AppIcon;
				FRAMEWORK_SEARCH_PATHS = (
					"$(inherited)",
					"$(PROJECT_DIR)/Frameworks",
				);
				INFOPLIST_FILE = "$(SRCROOT)/CastVideos-ios/Info.plist";
				IPHONEOS_DEPLOYMENT_TARGET = 8.0;
				LD_RUNPATH_SEARCH_PATHS = "$(inherited) @executable_path/Frameworks";
				ONLY_ACTIVE_ARCH = YES;
				OTHER_LDFLAGS = (
					"-ObjC",
					"-lc++",
				);
				PRODUCT_BUNDLE_IDENTIFIER = "com.google.sample.ChromeCast.$(PRODUCT_NAME:rfc1034identifier)";
				PRODUCT_NAME = "CastVideos-ios";
				TARGETED_DEVICE_FAMILY = 1;
			};
			name = Debug;
		};
		6FBC43F81CA3138500AAB267 /* Release */ = {
			isa = XCBuildConfiguration;
			buildSettings = {
				ASSETCATALOG_COMPILER_APPICON_NAME = AppIcon;
				FRAMEWORK_SEARCH_PATHS = (
					"$(inherited)",
					"$(PROJECT_DIR)/Frameworks",
				);
				INFOPLIST_FILE = "$(SRCROOT)/CastVideos-ios/Info.plist";
				IPHONEOS_DEPLOYMENT_TARGET = 8.0;
				LD_RUNPATH_SEARCH_PATHS = "$(inherited) @executable_path/Frameworks";
				ONLY_ACTIVE_ARCH = YES;
				OTHER_LDFLAGS = (
					"-ObjC",
					"-lc++",
				);
				PRODUCT_BUNDLE_IDENTIFIER = "com.google.sample.ChromeCast.$(PRODUCT_NAME:rfc1034identifier)";
				PRODUCT_NAME = "CastVideos-ios";
				TARGETED_DEVICE_FAMILY = 1;
			};
			name = Release;
		};
/* End XCBuildConfiguration section */

/* Begin XCConfigurationList section */
		6FBC43DA1CA3138500AAB267 /* Build configuration list for PBXProject "CastVideos-ios" */ = {
			isa = XCConfigurationList;
			buildConfigurations = (
				6FBC43F41CA3138500AAB267 /* Debug */,
				6FBC43F51CA3138500AAB267 /* Release */,
			);
			defaultConfigurationIsVisible = 0;
			defaultConfigurationName = Release;
		};
		6FBC43F61CA3138500AAB267 /* Build configuration list for PBXNativeTarget "CastVideos-ios" */ = {
			isa = XCConfigurationList;
			buildConfigurations = (
				6FBC43F71CA3138500AAB267 /* Debug */,
				6FBC43F81CA3138500AAB267 /* Release */,
			);
			defaultConfigurationIsVisible = 0;
			defaultConfigurationName = Release;
		};
/* End XCConfigurationList section */
	};
	rootObject = 6FBC43D71CA3138500AAB267 /* Project object */;
}
